
Microsoft Visual Studio Solution File, Format Version 12.00
# Visual Studio Version 17
VisualStudioVersion = 17.0.32014.148
MinimumVisualStudioVersion = 10.0.40219.1
Project("{FAE04EC0-301F-11D3-BF4B-00C04F79EFBC}") = "Demoproject", "Demoproject\Demoproject.csproj", "{1E0EA557-C447-48D0-BA05-D15427AAE1EB}"
EndProject
Global
	GlobalSection(SolutionConfigurationPlatforms) = preSolution
		Debug|Any CPU = Debug|Any CPU
		Release|Any CPU = Release|Any CPU
	EndGlobalSection
	GlobalSection(ProjectConfigurationPlatforms) = postSolution
		{1E0EA557-C447-48D0-BA05-D15427AAE1EB}.Debug|Any CPU.ActiveCfg = Debug|Any CPU
		{1E0EA557-C447-48D0-BA05-D15427AAE1EB}.Debug|Any CPU.Build.0 = Debug|Any CPU
		{1E0EA557-C447-48D0-BA05-D15427AAE1EB}.Release|Any CPU.ActiveCfg = Release|Any CPU
		{1E0EA557-C447-48D0-BA05-D15427AAE1EB}.Release|Any CPU.Build.0 = Release|Any CPU
	EndGlobalSection
	GlobalSection(SolutionProperties) = preSolution
		HideSolutionNode = FALSE
	EndGlobalSection
	GlobalSection(ExtensibilityGlobals) = postSolution
		SolutionGuid = {BE9B41FE-7193-4BCD-AA4B-8EC4C1340F3E}
	EndGlobalSection
EndGlobal
